# Public git-ref pins — for a fresh machine that can't see local dev repos.
# Use with:  VERSIONS_LOCK=versions.git.lock ./install/install.sh
#
# tool      version   source
mahalath    1.1.0     git+https://github.com/gellsmore-svg/mahalath.git@v1.1.0
tirzah      1.12.0    git+https://github.com/gellsmore-svg/tirzah.git@v1.12.0
hoglah      0.9.0     git+https://github.com/gellsmore-svg/hoglah.git@v0.9.0
galeed      0.2.0     git+https://github.com/gellsmore-svg/galeed.git@v0.2.0
hanani      0.8.0     git+https://github.com/gellsmore-svg/Hanani.git@v0.8.0
keturah     0.3.0     git+https://github.com/gellsmore-svg/keturah.git@v0.3.0
deborah     0.9.0     git+https://github.com/gellsmore-svg/Deborah.git@v0.9.0
huldah      0.1.0     git+https://github.com/gellsmore-svg/Huldah.git@v0.1.0
milcah      0.2.0     git+https://github.com/gellsmore-svg/Milcah.git@v0.2.0
