# Public git-tag pins — for a FRESH machine that can't see the local repos.
# Use with:  VERSIONS_LOCK=versions.git.lock ./install/install.sh
# (Noa itself is private; only its scripts are needed locally.)
#
# tool      version   source
mahalath    1.1.0     git+https://github.com/gellsmore-svg/mahalath@v1.1.0
tirzah      1.3.0     git+https://github.com/gellsmore-svg/tirzah@v1.3.0
hoglah      0.8.0     git+https://github.com/gellsmore-svg/hoglah@v0.8.0
