# The pin contract: the runtime-consumable version of each sibling.
# install.sh / upgrade.sh install exactly these. Bump a pin → run upgrade.sh.
# Source today is the local repos under ~/domains; switch the install source to
# git tags or PyPI once releases are published (see install.sh).
#
# tool      version   repo
mahalath    1.1.0     ~/domains/Mahalath
tirzah      1.3.0     ~/domains/Tirzah
hoglah      0.8.0     ~/domains/Hoglah
# Family libraries: dependencies of the tools, no console apps, and not on
# PyPI — preinstalled into each tool's venv (never pipx-installed as apps).
# NB 'cairn' on PyPI is an UNRELATED project; the preinstall pins ours.
galeed      0.2.0     ~/domains/Galeed
keturah     0.1.0     ~/domains/Keturah
cairn       0.3.0     ~/domains/Cairn
# milcah    deferred  ~/domains/Milcah   # pre-prod; add when FR10 persistence lands
