# Public git-ref pins — for a fresh machine that can't see local dev repos.
# Use with:  VERSIONS_LOCK=versions.git.lock ./install/install.sh
#
# tool      version   source
mahalath    1.6.0     git+https://github.com/gellsmore-svg/mahalath.git@v1.6.0
tirzah      1.16.2    git+https://github.com/gellsmore-svg/tirzah.git@v1.16.2
hoglah      0.11.0    git+https://github.com/gellsmore-svg/hoglah.git@v0.11.0
galeed      0.4.1     git+https://github.com/gellsmore-svg/galeed.git@v0.4.1
hanani      0.9.1     git+https://github.com/gellsmore-svg/Hanani.git@v0.9.1
keturah     0.5.1     git+https://github.com/gellsmore-svg/keturah.git@v0.5.1
deborah     0.25.1    git+https://github.com/gellsmore-svg/Deborah.git@v0.25.1
huldah      0.1.0     git+https://github.com/gellsmore-svg/Huldah.git@v0.1.0
milcah      0.5.2     git+https://github.com/gellsmore-svg/Milcah.git@v0.5.2
