# The pin contract: the runtime-consumable version of each sibling.
# install.sh / upgrade.sh install exactly these. Bump a pin → run upgrade.sh.
# Source today is the local dev repos under ~/domains. Public or fresh-machine
# installs should use versions.git.lock instead.
#
# tool      version   repo
mahalath    1.1.0     ~/domains/Mahalath
tirzah      1.12.0     ~/domains/Tirzah
hoglah      0.8.0     ~/domains/Hoglah
hanani      0.4.0     ~/domains/Hanani
# Family libraries: dependencies of the tools, no console apps, and not on
# PyPI — preinstalled into each tool's venv (never pipx-installed as apps).
# NB the PyPI 'cairn' is an UNRELATED project — ours ships as cairn-lang (import: cairn).
galeed      0.2.0     ~/domains/Galeed
keturah     0.3.0     ~/domains/Keturah
cairn-lang  0.8.2     ~/domains/Cairn
milcah      0.2.0     ~/domains/Milcah
